
Microsoft Visual Studio Solution File, Format Version 12.00
# Visual Studio Version 16
VisualStudioVersion = 16.0.31624.102
MinimumVisualStudioVersion = 10.0.40219.1
Project("{FAE04EC0-301F-11D3-BF4B-00C04F79EFBC}") = "NoteAppUI", "NoteAppUI\NoteAppUI.csproj", "{9559D73E-3941-4D0F-B472-16AB2CF60982}"
EndProject
Project("{FAE04EC0-301F-11D3-BF4B-00C04F79EFBC}") = "NoteApp", "NoteApp\NoteApp.csproj", "{69047020-86EB-42EB-A00B-92B815379283}"
EndProject
Project("{FAE04EC0-301F-11D3-BF4B-00C04F79EFBC}") = "NoteApp.UnitTests", "NoteApp.UnitTests\NoteApp.UnitTests.csproj", "{27F41339-783E-4EEA-99B4-B21E4B18EED9}"
EndProject
Project("{2150E333-8FDC-42A3-9474-1A3956D46DE8}") = "UnitTests", "UnitTests", "{D3D33921-698F-4127-B51C-44946D9F08FA}"
EndProject
Global
	GlobalSection(SolutionConfigurationPlatforms) = preSolution
		Debug|Any CPU = Debug|Any CPU
		Release|Any CPU = Release|Any CPU
	EndGlobalSection
	GlobalSection(ProjectConfigurationPlatforms) = postSolution
		{9559D73E-3941-4D0F-B472-16AB2CF60982}.Debug|Any CPU.ActiveCfg = Debug|Any CPU
		{9559D73E-3941-4D0F-B472-16AB2CF60982}.Debug|Any CPU.Build.0 = Debug|Any CPU
		{9559D73E-3941-4D0F-B472-16AB2CF60982}.Release|Any CPU.ActiveCfg = Release|Any CPU
		{9559D73E-3941-4D0F-B472-16AB2CF60982}.Release|Any CPU.Build.0 = Release|Any CPU
		{69047020-86EB-42EB-A00B-92B815379283}.Debug|Any CPU.ActiveCfg = Debug|Any CPU
		{69047020-86EB-42EB-A00B-92B815379283}.Debug|Any CPU.Build.0 = Debug|Any CPU
		{69047020-86EB-42EB-A00B-92B815379283}.Release|Any CPU.ActiveCfg = Release|Any CPU
		{69047020-86EB-42EB-A00B-92B815379283}.Release|Any CPU.Build.0 = Release|Any CPU
		{27F41339-783E-4EEA-99B4-B21E4B18EED9}.Debug|Any CPU.ActiveCfg = Debug|Any CPU
		{27F41339-783E-4EEA-99B4-B21E4B18EED9}.Debug|Any CPU.Build.0 = Debug|Any CPU
		{27F41339-783E-4EEA-99B4-B21E4B18EED9}.Release|Any CPU.ActiveCfg = Release|Any CPU
		{27F41339-783E-4EEA-99B4-B21E4B18EED9}.Release|Any CPU.Build.0 = Release|Any CPU
	EndGlobalSection
	GlobalSection(SolutionProperties) = preSolution
		HideSolutionNode = FALSE
	EndGlobalSection
	GlobalSection(NestedProjects) = preSolution
		{27F41339-783E-4EEA-99B4-B21E4B18EED9} = {D3D33921-698F-4127-B51C-44946D9F08FA}
	EndGlobalSection
	GlobalSection(ExtensibilityGlobals) = postSolution
		SolutionGuid = {E387DD5A-99F4-4A37-B4CE-AFD56BD90EE9}
	EndGlobalSection
EndGlobal
